
Microsoft Visual Studio Solution File, Format Version 12.00
# Visual Studio Version 16
VisualStudioVersion = 25.0.1706.9
MinimumVisualStudioVersion = 10.0.40219.1
Project("{FAE04EC0-301F-11D3-BF4B-00C04F79EFBC}") = "MockInterviews", "MockInterviews.csproj", "{98B98684-369A-4E76-AC02-137A426D88E7}"
EndProject
Global
	GlobalSection(SolutionConfigurationPlatforms) = preSolution
		Debug|Any CPU = Debug|Any CPU
		Release|Any CPU = Release|Any CPU
	EndGlobalSection
	GlobalSection(ProjectConfigurationPlatforms) = postSolution
		{98B98684-369A-4E76-AC02-137A426D88E7}.Debug|Any CPU.ActiveCfg = Debug|Any CPU
		{98B98684-369A-4E76-AC02-137A426D88E7}.Debug|Any CPU.Build.0 = Debug|Any CPU
		{98B98684-369A-4E76-AC02-137A426D88E7}.Release|Any CPU.ActiveCfg = Release|Any CPU
		{98B98684-369A-4E76-AC02-137A426D88E7}.Release|Any CPU.Build.0 = Release|Any CPU
	EndGlobalSection
	GlobalSection(SolutionProperties) = preSolution
		HideSolutionNode = FALSE
	EndGlobalSection
	GlobalSection(ExtensibilityGlobals) = postSolution
		SolutionGuid = {9F780989-AFD4-4A5B-928F-6B63602A8C39}
	EndGlobalSection
EndGlobal
